lockfileVersion: '9.0'

settings:
  autoInstallPeers: true
  excludeLinksFromLockfile: false

importers:

  .:
    dependencies:
      bn:
        specifier: ^1.0.5
        version: 1.0.5
      bzip-deflate:
        specifier: ^1.0.0
        version: 1.0.0
      deep-equal:
        specifier: ^1.1.0
        version: 1.1.0
      iced-error:
        specifier: 0.0.13
        version: 0.0.13
      iced-lock:
        specifier: ^1.0.2
        version: 1.0.2
      iced-runtime:
        specifier: ^1.0.4
        version: 1.0.4
      keybase-ecurve:
        specifier: ^1.0.1
        version: 1.0.1
      keybase-nacl:
        specifier: ^1.1.2
        version: 1.1.2
      minimist:
        specifier: ^1.2.0
        version: 1.2.0
      pgp-utils:
        specifier: 0.0.35
        version: 0.0.35
      purepack:
        specifier: ^1.0.5
        version: 1.0.5
      triplesec:
        specifier: ^4.0.3
        version: 4.0.3
      tweetnacl:
        specifier: ^0.13.1
        version: 0.13.1
    devDependencies:
      colors:
        specifier: 0.6.2
        version: 0.6.2
      iced-coffee-script:
        specifier: 108.0.14
        version: 108.0.14
      iced-test:
        specifier: 0.0.30
        version: 0.0.30

packages:

  bn@1.0.5:
    resolution: {integrity: sha512-7TvGbqbZb6lDzsBtNz1VkdXXV0BVmZKPPViPmo2IpvwaryF7P+QKYKACyVkwo2mZPr2CpFiz7EtgPEcc3o/JFQ==}

  bzip-deflate@1.0.0:
    resolution: {integrity: sha512-9RMnpiJqMYMJcLdr4pxwowZ8Zh3P+tVswE/bnX6tZ14UGKNcdV5WVK2P+lGp2As+RCjl+i3SFJ117HyCaaHNDA==}

  call-bind@1.0.7:
    resolution: {integrity: sha512-GHTSNSYICQ7scH7sZ+M2rFopRoLh8t2bLSW6BbgrtLsahOIB5iyAVJf9GjWK3cYTDaMj4XdBpM1cA6pIS0Kv2w==}
    engines: {node: '>= 0.4'}

  colors@0.6.2:
    resolution: {integrity: sha512-OsSVtHK8Ir8r3+Fxw/b4jS1ZLPXkV6ZxDRJQzeD7qo0SqMXWrHDM71DgYzPMHY8SFJ0Ao+nNU2p1MmwdzKqPrw==}
    engines: {node: '>=0.1.90'}

  deep-equal@1.1.0:
    resolution: {integrity: sha512-ZbfWJq/wN1Z273o7mUSjILYqehAktR2NVoSrOukDkU9kg2v/Uv89yU4Cvz8seJeAmtN5oqiefKq8FPuXOboqLw==}

  define-data-property@1.1.4:
    resolution: {integrity: sha512-rBMvIzlpA8v6E+SJZoo++HAYqsLrkg7MSfIinMPFhmkorw7X+dOXVJQs+QT69zGkzMyfDnIMN2Wid1+NbL3T+A==}
    engines: {node: '>= 0.4'}

  define-properties@1.2.1:
    resolution: {integrity: sha512-8QmQKqEASLd5nx0U1B1okLElbUuuttJ/AnYmRXbbbGDWh6uS208EjD4Xqq/I9wK7u0v6O08XhTWnt5XtEbR6Dg==}
    engines: {node: '>= 0.4'}

  es-define-property@1.0.0:
    resolution: {integrity: sha512-jxayLKShrEqqzJ0eumQbVhTYQM27CfT1T35+gCgDFoL82JLsXqTJ76zv6A0YLOgEnLUMvLzsDsGIrl8NFpT2gQ==}
    engines: {node: '>= 0.4'}

  es-errors@1.3.0:
    resolution: {integrity: sha512-Zf5H2Kxt2xjTvbJvP2ZWLEICxA6j+hAmMzIlypy4xcBg1vKVnx89Wy0GbS+kf5cwCVFFzdCFh2XSCFNULS6csw==}
    engines: {node: '>= 0.4'}

  function-bind@1.1.2:
    resolution: {integrity: sha512-7XHNxH7qX9xG5mIwxkhumTox/MIRNcOgDrxWsMt2pAr23WHp6MrRlN7FBSFpCpr+oVO0F744iUgR82nJMfG2SA==}

  functions-have-names@1.2.3:
    resolution: {integrity: sha512-xckBUXyTIqT97tq2x2AMb+g163b5JFysYk0x4qxNFwbfQkmNZoiRHb6sPzI9/QV33WeuvVYBUIiD4NzNIyqaRQ==}

  get-intrinsic@1.2.4:
    resolution: {integrity: sha512-5uYhsJH8VJBTv7oslg4BznJYhDoRI6waYCxMmCdnTrcCrHA/fCFKoTFz2JKKE0HdDFUF7/oQuhzumXJK7paBRQ==}
    engines: {node: '>= 0.4'}

  gopd@1.0.1:
    resolution: {integrity: sha512-d65bNlIadxvpb/A2abVdlqKqV563juRnZ1Wtk6s1sIR8uNsXR70xqIzVqxVf1eTqDunwT2MkczEeaezCKTZhwA==}

  has-property-descriptors@1.0.2:
    resolution: {integrity: sha512-55JNKuIW+vq4Ke1BjOTjM2YctQIvCT7GFzHwmfZPGo5wnrgkid0YQtnAleFSqumZm4az3n2BS+erby5ipJdgrg==}

  has-proto@1.0.3:
    resolution: {integrity: sha512-SJ1amZAJUiZS+PhsVLf5tGydlaVB8EdFpaSO4gmiUKUOxk8qzn5AIy4ZeJUmh22znIdk/uMAUT2pl3FxzVUH+Q==}
    engines: {node: '>= 0.4'}

  has-symbols@1.0.3:
    resolution: {integrity: sha512-l3LCuF6MgDNwTDKkdYGEihYjt5pRPbEg46rtlmnSPlUbgmB8LOIrKJbYYFBSbnPaJexMKtiPO8hmeRjRz2Td+A==}
    engines: {node: '>= 0.4'}

  has-tostringtag@1.0.2:
    resolution: {integrity: sha512-NqADB8VjPFLM2V0VvHUewwwsw0ZWBaIdgo+ieHtK3hasLz4qeCRjYcqfB6AQrBggRKppKF8L52/VqdVsO47Dlw==}
    engines: {node: '>= 0.4'}

  hasown@2.0.2:
    resolution: {integrity: sha512-0hJU9SCPvmMzIBdZFqNPXWa6dqh7WdH0cII9y+CyS8rG3nL48Bclra9HmKhVVUHyPWNH5Y7xDwAB7bfgSjkUMQ==}
    engines: {node: '>= 0.4'}

  iced-coffee-script@108.0.14:
    resolution: {integrity: sha512-e0CNmz51UGWRa2glPnUMnJM7oKQE81cxeC0WAgCjJDRImv3FDHldZr/Ngkbrgdbf1drGGzYWp+PWeJwXIfHwDw==}
    engines: {node: '>=0.8.0'}
    hasBin: true

  iced-error@0.0.13:
    resolution: {integrity: sha512-yEEaG8QfyyRL0SsbNNDw3rVgTyqwHFMCuV6jDvD43f/2shmdaFXkqvFLGhDlsYNSolzYHwVLM/CrXt9GygYopA==}

  iced-lock@1.0.2:
    resolution: {integrity: sha512-qwm5uqpVMNiV2DcgoBqUPnEXAxTLv7zZ4jwKqJhjas3DGxXpaeXbuDyYCRBcu0B4Sz9sMf6rCegoXO2/hlkw/w==}

  iced-runtime@1.0.4:
    resolution: {integrity: sha512-rgiJXNF6ZgF2Clh/TKUlBDW3q51YPDJUXmxGQXx1b8tbZpVpTn+1RX9q1sjNkujXIIaVxZByQzPHHORg7KV51g==}

  iced-test@0.0.30:
    resolution: {integrity: sha512-0gdvavi5CgrpK3tSnYO6vVhljL/N/IR/sV9y8oIH+2/MEE7effOgSCq9D3cSWH483iTymuKwX69yOgZQFukYOw==}

  is-arguments@1.1.1:
    resolution: {integrity: sha512-8Q7EARjzEnKpt/PCD7e1cgUS0a6X8u5tdSiMqXhojOdoV9TsMsiO+9VLC5vAmO8N7/GmXn7yjR8qnA6bVAEzfA==}
    engines: {node: '>= 0.4'}

  is-date-object@1.0.5:
    resolution: {integrity: sha512-9YQaSxsAiSwcvS33MBk3wTCVnWK+HhF8VZR2jRxehM16QcVOdHqPn4VPHmRK4lSr38n9JriurInLcP90xsYNfQ==}
    engines: {node: '>= 0.4'}

  is-regex@1.1.4:
    resolution: {integrity: sha512-kvRdxDsxZjhzUX07ZnLydzS1TU/TJlTUHHY4YLL87e37oUA49DfkLqgy+VjFocowy29cKvcSiu+kIv728jTTVg==}
    engines: {node: '>= 0.4'}

  keybase-ecurve@1.0.1:
    resolution: {integrity: sha512-2GlVxDsNF+52LtYjgFsjoKuN7MQQgiVeR4HRdJxLuN8fm4mf4stGKPUjDJjky15c/98UsZseLjp7Ih5X0Sy1jQ==}

  keybase-nacl@1.1.2:
    resolution: {integrity: sha512-hCF2xlJioCyEJ93jUbVp3vo785DqygG9P1at374GWUTiTk9AiZ/ChgQxAr4+VbrAbiVN+JDfWb2/QtpIND91mw==}

  minimist@1.2.0:
    resolution: {integrity: sha512-7Wl+Jz+IGWuSdgsQEJ4JunV0si/iMhg42MnQQG6h1R6TNeVenp4U9x5CC5v/gYqz/fENLQITAWXidNtVL0NNbw==}

  more-entropy@0.0.7:
    resolution: {integrity: sha512-e0TxQtU1F6/ZA8WnEA2JLQwwDqBTtZFLJSW7rWgUsQou35wx1IOL0g2O7q7oGoMgIJto+jHMnNGHLfSiylHRrw==}

  object-is@1.1.6:
    resolution: {integrity: sha512-F8cZ+KfGlSGi09lJT7/Nd6KJZ9ygtvYC0/UYYLI9nmQKLMnydpB9yvbv9K1uSkEu7FU9vYPmVwLg328tX+ot3Q==}
    engines: {node: '>= 0.4'}

  object-keys@1.1.1:
    resolution: {integrity: sha512-NuAESUOUMrlIXOfHKzD6bpPu3tYt3xvjNdRIQ+FeT0lNb4K8WR70CaDxhuNguS2XG+GjkyMwOzsN5ZktImfhLA==}
    engines: {node: '>= 0.4'}

  pgp-utils@0.0.35:
    resolution: {integrity: sha512-gCT6EbSTgljgycVa5qGpfRITaLOLbIKsEVRTdsNRgmLMAJpuJNNdrTn/95r8IWo9rFLlccfmGMJXkG9nVDwmrA==}

  progress@1.1.8:
    resolution: {integrity: sha512-UdA8mJ4weIkUBO224tIarHzuHs4HuYiJvsuGT7j/SPQiUJVjYvNDBIPa0hAorduOfjGohB/qHWRa/lrrWX/mXw==}
    engines: {node: '>=0.4.0'}

  purepack@1.0.5:
    resolution: {integrity: sha512-Amc1FB7Xyp/qFAHfr6NzrvMgUJ4Qc7dd4TteEBmXtPxxz1iRBUHjMKdgVRqviSIjb3u5yuylWcsijGVbKHfffg==}
    engines: {node: '>=0.10.0'}

  regexp.prototype.flags@1.5.2:
    resolution: {integrity: sha512-NcDiDkTLuPR+++OCKB0nWafEmhg/Da8aUPLPMQbK+bxKKCm1/S5he+AqYa4PlMCVBalb4/yxIRub6qkEx5yJbw==}
    engines: {node: '>= 0.4'}

  set-function-length@1.2.2:
    resolution: {integrity: sha512-pgRc4hJ4/sNjWCSS9AmnS40x3bNMDTknHgL5UaMBTMyJnU90EgWh1Rz+MC9eFu4BuN/UwZjKQuY/1v3rM7HMfg==}
    engines: {node: '>= 0.4'}

  set-function-name@2.0.2:
    resolution: {integrity: sha512-7PGFlmtwsEADb0WYyvCMa1t+yke6daIG4Wirafur5kcf+MhUnPms1UeR0CKQdTZD81yESwMHbtn+TR+dMviakQ==}
    engines: {node: '>= 0.4'}

  triplesec@4.0.3:
    resolution: {integrity: sha512-fug70e1nJoCMxsXQJlETisAALohm84vl++IiTTHEqM7Lgqwz62jrlwqOC/gJEAJjO/ByN127sEcioB56HW3wIw==}

  tweetnacl@0.13.1:
    resolution: {integrity: sha512-ttOOE2Rj8zynAlplICrHt4p/w7HB5SyKTn2x/Fr+9bBef0HD1yZK1lnyeWDX8ltHbq6y/tFj351s5ahvUxtufg==}

  uglify-js@3.17.4:
    resolution: {integrity: sha512-T9q82TJI9e/C1TAxYvfb16xO120tMVFZrGA3f9/P4424DNu6ypK103y0GPFVa17yotwSyZW5iYXgjYHkGrJW/g==}
    engines: {node: '>=0.8.0'}
    hasBin: true

  uint64be@1.0.1:
    resolution: {integrity: sha512-w+VZSp8hSZ/xWZfZNMppWNF6iqY+dcMYtG5CpwRDgxi94HIE6ematSdkzHGzVC4SDEaTsG65zrajN+oKoWG6ew==}

snapshots:

  bn@1.0.5: {}

  bzip-deflate@1.0.0: {}

  call-bind@1.0.7:
    dependencies:
      es-define-property: 1.0.0
      es-errors: 1.3.0
      function-bind: 1.1.2
      get-intrinsic: 1.2.4
      set-function-length: 1.2.2

  colors@0.6.2: {}

  deep-equal@1.1.0:
    dependencies:
      is-arguments: 1.1.1
      is-date-object: 1.0.5
      is-regex: 1.1.4
      object-is: 1.1.6
      object-keys: 1.1.1
      regexp.prototype.flags: 1.5.2

  define-data-property@1.1.4:
    dependencies:
      es-define-property: 1.0.0
      es-errors: 1.3.0
      gopd: 1.0.1

  define-properties@1.2.1:
    dependencies:
      define-data-property: 1.1.4
      has-property-descriptors: 1.0.2
      object-keys: 1.1.1

  es-define-property@1.0.0:
    dependencies:
      get-intrinsic: 1.2.4

  es-errors@1.3.0: {}

  function-bind@1.1.2: {}

  functions-have-names@1.2.3: {}

  get-intrinsic@1.2.4:
    dependencies:
      es-errors: 1.3.0
      function-bind: 1.1.2
      has-proto: 1.0.3
      has-symbols: 1.0.3
      hasown: 2.0.2

  gopd@1.0.1:
    dependencies:
      get-intrinsic: 1.2.4

  has-property-descriptors@1.0.2:
    dependencies:
      es-define-property: 1.0.0

  has-proto@1.0.3: {}

  has-symbols@1.0.3: {}

  has-tostringtag@1.0.2:
    dependencies:
      has-symbols: 1.0.3

  hasown@2.0.2:
    dependencies:
      function-bind: 1.1.2

  iced-coffee-script@108.0.14:
    dependencies:
      iced-runtime: 1.0.4
      uglify-js: 3.17.4

  iced-error@0.0.13: {}

  iced-lock@1.0.2:
    dependencies:
      iced-runtime: 1.0.4

  iced-runtime@1.0.4: {}

  iced-test@0.0.30:
    dependencies:
      colors: 0.6.2
      deep-equal: 1.1.0
      iced-runtime: 1.0.4
      minimist: 1.2.0

  is-arguments@1.1.1:
    dependencies:
      call-bind: 1.0.7
      has-tostringtag: 1.0.2

  is-date-object@1.0.5:
    dependencies:
      has-tostringtag: 1.0.2

  is-regex@1.1.4:
    dependencies:
      call-bind: 1.0.7
      has-tostringtag: 1.0.2

  keybase-ecurve@1.0.1:
    dependencies:
      bn: 1.0.5

  keybase-nacl@1.1.2:
    dependencies:
      iced-runtime: 1.0.4
      tweetnacl: 0.13.1
      uint64be: 1.0.1

  minimist@1.2.0: {}

  more-entropy@0.0.7:
    dependencies:
      iced-runtime: 1.0.4

  object-is@1.1.6:
    dependencies:
      call-bind: 1.0.7
      define-properties: 1.2.1

  object-keys@1.1.1: {}

  pgp-utils@0.0.35:
    dependencies:
      iced-error: 0.0.13
      iced-runtime: 1.0.4

  progress@1.1.8: {}

  purepack@1.0.5: {}

  regexp.prototype.flags@1.5.2:
    dependencies:
      call-bind: 1.0.7
      define-properties: 1.2.1
      es-errors: 1.3.0
      set-function-name: 2.0.2

  set-function-length@1.2.2:
    dependencies:
      define-data-property: 1.1.4
      es-errors: 1.3.0
      function-bind: 1.1.2
      get-intrinsic: 1.2.4
      gopd: 1.0.1
      has-property-descriptors: 1.0.2

  set-function-name@2.0.2:
    dependencies:
      define-data-property: 1.1.4
      es-errors: 1.3.0
      functions-have-names: 1.2.3
      has-property-descriptors: 1.0.2

  triplesec@4.0.3:
    dependencies:
      iced-error: 0.0.13
      iced-lock: 1.0.2
      iced-runtime: 1.0.4
      more-entropy: 0.0.7
      progress: 1.1.8
      uglify-js: 3.17.4

  tweetnacl@0.13.1: {}

  uglify-js@3.17.4: {}

  uint64be@1.0.1: {}
